// !$*UTF8*$!
{
	archiveVersion = 1;
	classes = {
	};
	objectVersion = 60;
	objects = {

/* Begin PBXBuildFile section */
		A00000000000000000000001 /* KapselkiApp.swift in Sources */ = {isa = PBXBuildFile; fileRef = B00000000000000000000001 /* KapselkiApp.swift */; };
		A00000000000000000000002 /* KapselkiTheme.swift in Sources */ = {isa = PBXBuildFile; fileRef = B00000000000000000000002 /* KapselkiTheme.swift */; };
		A00000000000000000000003 /* KapselkiAudioPlayer.swift in Sources */ = {isa = PBXBuildFile; fileRef = B00000000000000000000003 /* KapselkiAudioPlayer.swift */; };
		A00000000000000000000004 /* KapselkiGameView.swift in Sources */ = {isa = PBXBuildFile; fileRef = B00000000000000000000004 /* KapselkiGameView.swift */; };
		A00000000000000000000005 /* KapselkiSceneController.swift in Sources */ = {isa = PBXBuildFile; fileRef = B00000000000000000000005 /* KapselkiSceneController.swift */; };
		A00000000000000000000006 /* Assets.xcassets in Resources */ = {isa = PBXBuildFile; fileRef = B00000000000000000000006 /* Assets.xcassets */; };
		A00000000000000000000007 /* cap_flick.wav in Resources */ = {isa = PBXBuildFile; fileRef = B00000000000000000000007 /* cap_flick.wav */; };
		A00000000000000000000008 /* cap_hit.wav in Resources */ = {isa = PBXBuildFile; fileRef = B00000000000000000000008 /* cap_hit.wav */; };
		A00000000000000000000009 /* finish_applause.wav in Resources */ = {isa = PBXBuildFile; fileRef = B00000000000000000000009 /* finish_applause.wav */; };
		A00000000000000000000010 /* InfoPlist.strings in Resources */ = {isa = PBXBuildFile; fileRef = B00000000000000000000013 /* InfoPlist.strings */; };
		A00000000000000000000011 /* cap_slide_concrete_loop.wav in Resources */ = {isa = PBXBuildFile; fileRef = B00000000000000000000014 /* cap_slide_concrete_loop.wav */; };
		A00000000000000000000012 /* cap_slide_grass_loop.wav in Resources */ = {isa = PBXBuildFile; fileRef = B00000000000000000000015 /* cap_slide_grass_loop.wav */; };
		A00000000000000000000013 /* cap_slide_sand_loop.wav in Resources */ = {isa = PBXBuildFile; fileRef = B00000000000000000000016 /* cap_slide_sand_loop.wav */; };
		A00000000000000000000014 /* cap_slide_table_loop.wav in Resources */ = {isa = PBXBuildFile; fileRef = B00000000000000000000017 /* cap_slide_table_loop.wav */; };
		A00000000000000000000015 /* powerup_chime.wav in Resources */ = {isa = PBXBuildFile; fileRef = B00000000000000000000018 /* powerup_chime.wav */; };
		A00000000000000000000016 /* penalty_squeak.wav in Resources */ = {isa = PBXBuildFile; fileRef = B00000000000000000000019 /* penalty_squeak.wav */; };
		A00000000000000000000017 /* finish_fanfare.wav in Resources */ = {isa = PBXBuildFile; fileRef = B00000000000000000000020 /* finish_fanfare.wav */; };
		A00000000000000000000018 /* playground_theme_loop.wav in Resources */ = {isa = PBXBuildFile; fileRef = B00000000000000000000021 /* playground_theme_loop.wav */; };
/* End PBXBuildFile section */

/* Begin PBXFileReference section */
		B00000000000000000000001 /* KapselkiApp.swift */ = {isa = PBXFileReference; lastKnownFileType = sourcecode.swift; path = KapselkiApp.swift; sourceTree = "<group>"; };
		B00000000000000000000002 /* KapselkiTheme.swift */ = {isa = PBXFileReference; lastKnownFileType = sourcecode.swift; path = KapselkiTheme.swift; sourceTree = "<group>"; };
		B00000000000000000000003 /* KapselkiAudioPlayer.swift */ = {isa = PBXFileReference; lastKnownFileType = sourcecode.swift; path = KapselkiAudioPlayer.swift; sourceTree = "<group>"; };
		B00000000000000000000004 /* KapselkiGameView.swift */ = {isa = PBXFileReference; lastKnownFileType = sourcecode.swift; path = KapselkiGameView.swift; sourceTree = "<group>"; };
		B00000000000000000000005 /* KapselkiSceneController.swift */ = {isa = PBXFileReference; lastKnownFileType = sourcecode.swift; path = KapselkiSceneController.swift; sourceTree = "<group>"; };
		B00000000000000000000006 /* Assets.xcassets */ = {isa = PBXFileReference; lastKnownFileType = folder.assetcatalog; path = Assets.xcassets; sourceTree = "<group>"; };
		B00000000000000000000007 /* cap_flick.wav */ = {isa = PBXFileReference; lastKnownFileType = audio.wav; path = cap_flick.wav; sourceTree = "<group>"; };
		B00000000000000000000008 /* cap_hit.wav */ = {isa = PBXFileReference; lastKnownFileType = audio.wav; path = cap_hit.wav; sourceTree = "<group>"; };
		B00000000000000000000009 /* finish_applause.wav */ = {isa = PBXFileReference; lastKnownFileType = audio.wav; path = finish_applause.wav; sourceTree = "<group>"; };
		B00000000000000000000010 /* Kapselki.app */ = {isa = PBXFileReference; explicitFileType = wrapper.application; includeInIndex = 0; path = Kapselki.app; sourceTree = BUILT_PRODUCTS_DIR; };
		B00000000000000000000011 /* en */ = {isa = PBXFileReference; lastKnownFileType = text.plist.strings; name = en; path = en.lproj/InfoPlist.strings; sourceTree = "<group>"; };
		B00000000000000000000012 /* pl */ = {isa = PBXFileReference; lastKnownFileType = text.plist.strings; name = pl; path = pl.lproj/InfoPlist.strings; sourceTree = "<group>"; };
		B00000000000000000000014 /* cap_slide_concrete_loop.wav */ = {isa = PBXFileReference; lastKnownFileType = audio.wav; path = cap_slide_concrete_loop.wav; sourceTree = "<group>"; };
		B00000000000000000000015 /* cap_slide_grass_loop.wav */ = {isa = PBXFileReference; lastKnownFileType = audio.wav; path = cap_slide_grass_loop.wav; sourceTree = "<group>"; };
		B00000000000000000000016 /* cap_slide_sand_loop.wav */ = {isa = PBXFileReference; lastKnownFileType = audio.wav; path = cap_slide_sand_loop.wav; sourceTree = "<group>"; };
		B00000000000000000000017 /* cap_slide_table_loop.wav */ = {isa = PBXFileReference; lastKnownFileType = audio.wav; path = cap_slide_table_loop.wav; sourceTree = "<group>"; };
		B00000000000000000000018 /* powerup_chime.wav */ = {isa = PBXFileReference; lastKnownFileType = audio.wav; path = powerup_chime.wav; sourceTree = "<group>"; };
		B00000000000000000000019 /* penalty_squeak.wav */ = {isa = PBXFileReference; lastKnownFileType = audio.wav; path = penalty_squeak.wav; sourceTree = "<group>"; };
		B00000000000000000000020 /* finish_fanfare.wav */ = {isa = PBXFileReference; lastKnownFileType = audio.wav; path = finish_fanfare.wav; sourceTree = "<group>"; };
		B00000000000000000000021 /* playground_theme_loop.wav */ = {isa = PBXFileReference; lastKnownFileType = audio.wav; path = playground_theme_loop.wav; sourceTree = "<group>"; };
/* End PBXFileReference section */

/* Begin PBXFrameworksBuildPhase section */
		C00000000000000000000001 /* Frameworks */ = {
			isa = PBXFrameworksBuildPhase;
			buildActionMask = 2147483647;
			files = (
			);
			runOnlyForDeploymentPostprocessing = 0;
		};
/* End PBXFrameworksBuildPhase section */

/* Begin PBXGroup section */
		D00000000000000000000001 = {
			isa = PBXGroup;
			children = (
				D00000000000000000000002 /* Kapselki */,
				D00000000000000000000007 /* Products */,
			);
			sourceTree = "<group>";
		};
		D00000000000000000000002 /* Kapselki */ = {
			isa = PBXGroup;
			children = (
				D00000000000000000000003 /* App */,
				D00000000000000000000004 /* Core */,
				D00000000000000000000005 /* Game */,
				D00000000000000000000006 /* Audio */,
				B00000000000000000000013 /* InfoPlist.strings */,
				B00000000000000000000006 /* Assets.xcassets */,
			);
			path = Kapselki;
			sourceTree = "<group>";
		};
		D00000000000000000000003 /* App */ = {
			isa = PBXGroup;
			children = (
				B00000000000000000000001 /* KapselkiApp.swift */,
			);
			path = App;
			sourceTree = "<group>";
		};
		D00000000000000000000004 /* Core */ = {
			isa = PBXGroup;
			children = (
				B00000000000000000000002 /* KapselkiTheme.swift */,
				B00000000000000000000003 /* KapselkiAudioPlayer.swift */,
			);
			path = Core;
			sourceTree = "<group>";
		};
		D00000000000000000000005 /* Game */ = {
			isa = PBXGroup;
			children = (
				B00000000000000000000004 /* KapselkiGameView.swift */,
				B00000000000000000000005 /* KapselkiSceneController.swift */,
			);
			path = Game;
			sourceTree = "<group>";
		};
		D00000000000000000000006 /* Audio */ = {
			isa = PBXGroup;
			children = (
				D00000000000000000000008 /* SFX */,
				D00000000000000000000009 /* Music */,
			);
			path = Audio;
			sourceTree = "<group>";
		};
		D00000000000000000000007 /* Products */ = {
			isa = PBXGroup;
			children = (
				B00000000000000000000010 /* Kapselki.app */,
			);
			name = Products;
			sourceTree = "<group>";
		};
		D00000000000000000000008 /* SFX */ = {
			isa = PBXGroup;
			children = (
				B00000000000000000000007 /* cap_flick.wav */,
				B00000000000000000000008 /* cap_hit.wav */,
				B00000000000000000000014 /* cap_slide_concrete_loop.wav */,
				B00000000000000000000015 /* cap_slide_grass_loop.wav */,
				B00000000000000000000016 /* cap_slide_sand_loop.wav */,
				B00000000000000000000017 /* cap_slide_table_loop.wav */,
				B00000000000000000000009 /* finish_applause.wav */,
				B00000000000000000000020 /* finish_fanfare.wav */,
				B00000000000000000000019 /* penalty_squeak.wav */,
				B00000000000000000000018 /* powerup_chime.wav */,
			);
			path = SFX;
			sourceTree = "<group>";
		};
		D00000000000000000000009 /* Music */ = {
			isa = PBXGroup;
			children = (
				B00000000000000000000021 /* playground_theme_loop.wav */,
			);
			path = Music;
			sourceTree = "<group>";
		};
/* End PBXGroup section */

/* Begin PBXVariantGroup section */
		B00000000000000000000013 /* InfoPlist.strings */ = {
			isa = PBXVariantGroup;
			children = (
				B00000000000000000000011 /* en */,
				B00000000000000000000012 /* pl */,
			);
			name = InfoPlist.strings;
			sourceTree = "<group>";
		};
/* End PBXVariantGroup section */

/* Begin PBXNativeTarget section */
		E00000000000000000000001 /* Kapselki */ = {
			isa = PBXNativeTarget;
			buildConfigurationList = H00000000000000000000002 /* Build configuration list for PBXNativeTarget "Kapselki" */;
			buildPhases = (
				F00000000000000000000001 /* Sources */,
				C00000000000000000000001 /* Frameworks */,
				F00000000000000000000002 /* Resources */,
			);
			buildRules = (
			);
			dependencies = (
			);
			name = Kapselki;
			productName = Kapselki;
			productReference = B00000000000000000000010 /* Kapselki.app */;
			productType = "com.apple.product-type.application";
		};
/* End PBXNativeTarget section */

/* Begin PBXProject section */
		E00000000000000000000002 /* Project object */ = {
			isa = PBXProject;
			attributes = {
				BuildIndependentTargetsInParallel = 1;
				LastSwiftUpdateCheck = 2660;
				LastUpgradeCheck = 2660;
				TargetAttributes = {
					E00000000000000000000001 = {
						CreatedOnToolsVersion = 26.6;
					};
				};
			};
			buildConfigurationList = H00000000000000000000001 /* Build configuration list for PBXProject "Kapselki" */;
			compatibilityVersion = "Xcode 15.0";
			developmentRegion = en;
			hasScannedForEncodings = 0;
			knownRegions = (
				en,
				pl,
				Base,
			);
			mainGroup = D00000000000000000000001;
			productRefGroup = D00000000000000000000007 /* Products */;
			projectDirPath = "";
			projectRoot = "";
			targets = (
				E00000000000000000000001 /* Kapselki */,
			);
		};
/* End PBXProject section */

/* Begin PBXResourcesBuildPhase section */
		F00000000000000000000002 /* Resources */ = {
			isa = PBXResourcesBuildPhase;
			buildActionMask = 2147483647;
			files = (
				A00000000000000000000006 /* Assets.xcassets in Resources */,
				A00000000000000000000007 /* cap_flick.wav in Resources */,
				A00000000000000000000008 /* cap_hit.wav in Resources */,
				A00000000000000000000011 /* cap_slide_concrete_loop.wav in Resources */,
				A00000000000000000000012 /* cap_slide_grass_loop.wav in Resources */,
				A00000000000000000000013 /* cap_slide_sand_loop.wav in Resources */,
				A00000000000000000000014 /* cap_slide_table_loop.wav in Resources */,
				A00000000000000000000009 /* finish_applause.wav in Resources */,
				A00000000000000000000017 /* finish_fanfare.wav in Resources */,
				A00000000000000000000016 /* penalty_squeak.wav in Resources */,
				A00000000000000000000018 /* playground_theme_loop.wav in Resources */,
				A00000000000000000000015 /* powerup_chime.wav in Resources */,
				A00000000000000000000010 /* InfoPlist.strings in Resources */,
			);
			runOnlyForDeploymentPostprocessing = 0;
		};
/* End PBXResourcesBuildPhase section */

/* Begin PBXSourcesBuildPhase section */
		F00000000000000000000001 /* Sources */ = {
			isa = PBXSourcesBuildPhase;
			buildActionMask = 2147483647;
			files = (
				A00000000000000000000001 /* KapselkiApp.swift in Sources */,
				A00000000000000000000002 /* KapselkiTheme.swift in Sources */,
				A00000000000000000000003 /* KapselkiAudioPlayer.swift in Sources */,
				A00000000000000000000004 /* KapselkiGameView.swift in Sources */,
				A00000000000000000000005 /* KapselkiSceneController.swift in Sources */,
			);
			runOnlyForDeploymentPostprocessing = 0;
		};
/* End PBXSourcesBuildPhase section */

/* Begin XCBuildConfiguration section */
		G00000000000000000000001 /* Debug */ = {
			isa = XCBuildConfiguration;
			buildSettings = {
				ALWAYS_SEARCH_USER_PATHS = NO;
				CLANG_ANALYZER_NONNULL = YES;
				CLANG_ANALYZER_NUMBER_OBJECT_CONVERSION = YES_AGGRESSIVE;
				CLANG_CXX_LANGUAGE_STANDARD = "gnu++20";
				CLANG_ENABLE_MODULES = YES;
				CLANG_ENABLE_OBJC_ARC = YES;
				CLANG_ENABLE_OBJC_WEAK = YES;
				CLANG_WARN_BLOCK_CAPTURE_AUTORELEASING = YES;
				CLANG_WARN_BOOL_CONVERSION = YES;
				CLANG_WARN_COMMA = YES;
				CLANG_WARN_CONSTANT_CONVERSION = YES;
				CLANG_WARN_DEPRECATED_OBJC_IMPLEMENTATIONS = YES;
				CLANG_WARN_DIRECT_OBJC_ISA_USAGE = YES_ERROR;
				CLANG_WARN_DOCUMENTATION_COMMENTS = YES;
				CLANG_WARN_EMPTY_BODY = YES;
				CLANG_WARN_ENUM_CONVERSION = YES;
				CLANG_WARN_INFINITE_RECURSION = YES;
				CLANG_WARN_INT_CONVERSION = YES;
				CLANG_WARN_NON_LITERAL_NULL_CONVERSION = YES;
				CLANG_WARN_OBJC_IMPLICIT_RETAIN_SELF = YES;
				CLANG_WARN_OBJC_LITERAL_CONVERSION = YES;
				CLANG_WARN_OBJC_ROOT_CLASS = YES_ERROR;
				CLANG_WARN_QUOTED_INCLUDE_IN_FRAMEWORK_HEADER = YES;
				CLANG_WARN_RANGE_LOOP_ANALYSIS = YES;
				CLANG_WARN_STRICT_PROTOTYPES = YES;
				CLANG_WARN_SUSPICIOUS_MOVE = YES;
				CLANG_WARN_UNGUARDED_AVAILABILITY = YES_AGGRESSIVE;
				CLANG_WARN_UNREACHABLE_CODE = YES;
				CLANG_WARN__DUPLICATE_METHOD_MATCH = YES;
				COPY_PHASE_STRIP = NO;
				DEBUG_INFORMATION_FORMAT = dwarf;
				ENABLE_STRICT_OBJC_MSGSEND = YES;
				ENABLE_TESTABILITY = YES;
				ENABLE_USER_SCRIPT_SANDBOXING = YES;
				GCC_C_LANGUAGE_STANDARD = gnu17;
				GCC_DYNAMIC_NO_PIC = NO;
				GCC_NO_COMMON_BLOCKS = YES;
				GCC_OPTIMIZATION_LEVEL = 0;
				GCC_PREPROCESSOR_DEFINITIONS = (
					"DEBUG=1",
					"$(inherited)",
				);
				GCC_WARN_64_TO_32_BIT_CONVERSION = YES;
				GCC_WARN_ABOUT_RETURN_TYPE = YES_ERROR;
				GCC_WARN_UNDECLARED_SELECTOR = YES;
				GCC_WARN_UNINITIALIZED_AUTOS = YES_AGGRESSIVE;
				GCC_WARN_UNUSED_FUNCTION = YES;
				GCC_WARN_UNUSED_VARIABLE = YES;
				IPHONEOS_DEPLOYMENT_TARGET = 18.0;
				MTL_ENABLE_DEBUG_INFO = INCLUDE_SOURCE;
				MTL_FAST_MATH = YES;
				ONLY_ACTIVE_ARCH = YES;
				SDKROOT = iphoneos;
				SWIFT_ACTIVE_COMPILATION_CONDITIONS = DEBUG;
			};
			name = Debug;
		};
		G00000000000000000000002 /* Release */ = {
			isa = XCBuildConfiguration;
			buildSettings = {
				ALWAYS_SEARCH_USER_PATHS = NO;
				CLANG_ANALYZER_NONNULL = YES;
				CLANG_ANALYZER_NUMBER_OBJECT_CONVERSION = YES_AGGRESSIVE;
				CLANG_CXX_LANGUAGE_STANDARD = "gnu++20";
				CLANG_ENABLE_MODULES = YES;
				CLANG_ENABLE_OBJC_ARC = YES;
				CLANG_ENABLE_OBJC_WEAK = YES;
				CLANG_WARN_BLOCK_CAPTURE_AUTORELEASING = YES;
				CLANG_WARN_BOOL_CONVERSION = YES;
				CLANG_WARN_COMMA = YES;
				CLANG_WARN_CONSTANT_CONVERSION = YES;
				CLANG_WARN_DEPRECATED_OBJC_IMPLEMENTATIONS = YES;
				CLANG_WARN_DIRECT_OBJC_ISA_USAGE = YES_ERROR;
				CLANG_WARN_DOCUMENTATION_COMMENTS = YES;
				CLANG_WARN_EMPTY_BODY = YES;
				CLANG_WARN_ENUM_CONVERSION = YES;
				CLANG_WARN_INFINITE_RECURSION = YES;
				CLANG_WARN_INT_CONVERSION = YES;
				CLANG_WARN_NON_LITERAL_NULL_CONVERSION = YES;
				CLANG_WARN_OBJC_IMPLICIT_RETAIN_SELF = YES;
				CLANG_WARN_OBJC_LITERAL_CONVERSION = YES;
				CLANG_WARN_OBJC_ROOT_CLASS = YES_ERROR;
				CLANG_WARN_QUOTED_INCLUDE_IN_FRAMEWORK_HEADER = YES;
				CLANG_WARN_RANGE_LOOP_ANALYSIS = YES;
				CLANG_WARN_STRICT_PROTOTYPES = YES;
				CLANG_WARN_SUSPICIOUS_MOVE = YES;
				CLANG_WARN_UNGUARDED_AVAILABILITY = YES_AGGRESSIVE;
				CLANG_WARN_UNREACHABLE_CODE = YES;
				CLANG_WARN__DUPLICATE_METHOD_MATCH = YES;
				COPY_PHASE_STRIP = NO;
				DEBUG_INFORMATION_FORMAT = "dwarf-with-dsym";
				ENABLE_NS_ASSERTIONS = NO;
				ENABLE_STRICT_OBJC_MSGSEND = YES;
				ENABLE_USER_SCRIPT_SANDBOXING = YES;
				GCC_C_LANGUAGE_STANDARD = gnu17;
				GCC_NO_COMMON_BLOCKS = YES;
				GCC_WARN_64_TO_32_BIT_CONVERSION = YES;
				GCC_WARN_ABOUT_RETURN_TYPE = YES_ERROR;
				GCC_WARN_UNDECLARED_SELECTOR = YES;
				GCC_WARN_UNINITIALIZED_AUTOS = YES_AGGRESSIVE;
				GCC_WARN_UNUSED_FUNCTION = YES;
				GCC_WARN_UNUSED_VARIABLE = YES;
				IPHONEOS_DEPLOYMENT_TARGET = 18.0;
				MTL_ENABLE_DEBUG_INFO = NO;
				MTL_FAST_MATH = YES;
				SDKROOT = iphoneos;
				SWIFT_COMPILATION_MODE = wholemodule;
				VALIDATE_PRODUCT = YES;
			};
			name = Release;
		};
		G00000000000000000000003 /* Debug */ = {
			isa = XCBuildConfiguration;
			buildSettings = {
				ASSETCATALOG_COMPILER_APPICON_NAME = AppIcon;
				ASSETCATALOG_COMPILER_GLOBAL_ACCENT_COLOR_NAME = AccentColor;
				CODE_SIGN_STYLE = Automatic;
				CURRENT_PROJECT_VERSION = 1;
				DEVELOPMENT_ASSET_PATHS = "";
				DEVELOPMENT_TEAM = K766874BMD;
				GENERATE_INFOPLIST_FILE = YES;
				INFOPLIST_KEY_CFBundleDisplayName = Kapselki;
				INFOPLIST_KEY_CFBundleLocalizations = "en pl";
				INFOPLIST_KEY_LSApplicationCategoryType = "public.app-category.games";
				INFOPLIST_KEY_UILaunchScreen_Generation = YES;
				INFOPLIST_KEY_UISupportedInterfaceOrientations = "UIInterfaceOrientationPortrait UIInterfaceOrientationLandscapeLeft UIInterfaceOrientationLandscapeRight";
				IPHONEOS_DEPLOYMENT_TARGET = 18.0;
				LD_RUNPATH_SEARCH_PATHS = (
					"$(inherited)",
					"@executable_path/Frameworks",
				);
				MARKETING_VERSION = 0.1;
				PRODUCT_BUNDLE_IDENTIFIER = com.lpociask.Kapselki;
				PRODUCT_NAME = "$(TARGET_NAME)";
				SUPPORTED_PLATFORMS = "iphoneos iphonesimulator";
				SUPPORTS_MACCATALYST = NO;
				SUPPORTS_MAC_DESIGNED_FOR_IPHONE_IPAD = NO;
				SWIFT_EMIT_LOC_STRINGS = YES;
				SWIFT_VERSION = 5.0;
				TARGETED_DEVICE_FAMILY = 1;
			};
			name = Debug;
		};
		G00000000000000000000004 /* Release */ = {
			isa = XCBuildConfiguration;
			buildSettings = {
				ASSETCATALOG_COMPILER_APPICON_NAME = AppIcon;
				ASSETCATALOG_COMPILER_GLOBAL_ACCENT_COLOR_NAME = AccentColor;
				CODE_SIGN_STYLE = Automatic;
				CURRENT_PROJECT_VERSION = 1;
				DEVELOPMENT_ASSET_PATHS = "";
				DEVELOPMENT_TEAM = K766874BMD;
				GENERATE_INFOPLIST_FILE = YES;
				INFOPLIST_KEY_CFBundleDisplayName = Kapselki;
				INFOPLIST_KEY_CFBundleLocalizations = "en pl";
				INFOPLIST_KEY_LSApplicationCategoryType = "public.app-category.games";
				INFOPLIST_KEY_UILaunchScreen_Generation = YES;
				INFOPLIST_KEY_UISupportedInterfaceOrientations = "UIInterfaceOrientationPortrait UIInterfaceOrientationLandscapeLeft UIInterfaceOrientationLandscapeRight";
				IPHONEOS_DEPLOYMENT_TARGET = 18.0;
				LD_RUNPATH_SEARCH_PATHS = (
					"$(inherited)",
					"@executable_path/Frameworks",
				);
				MARKETING_VERSION = 0.1;
				PRODUCT_BUNDLE_IDENTIFIER = com.lpociask.Kapselki;
				PRODUCT_NAME = "$(TARGET_NAME)";
				SUPPORTED_PLATFORMS = "iphoneos iphonesimulator";
				SUPPORTS_MACCATALYST = NO;
				SUPPORTS_MAC_DESIGNED_FOR_IPHONE_IPAD = NO;
				SWIFT_EMIT_LOC_STRINGS = YES;
				SWIFT_VERSION = 5.0;
				TARGETED_DEVICE_FAMILY = 1;
			};
			name = Release;
		};
/* End XCBuildConfiguration section */

/* Begin XCConfigurationList section */
		H00000000000000000000001 /* Build configuration list for PBXProject "Kapselki" */ = {
			isa = XCConfigurationList;
			buildConfigurations = (
				G00000000000000000000001 /* Debug */,
				G00000000000000000000002 /* Release */,
			);
			defaultConfigurationIsVisible = 0;
			defaultConfigurationName = Release;
		};
		H00000000000000000000002 /* Build configuration list for PBXNativeTarget "Kapselki" */ = {
			isa = XCConfigurationList;
			buildConfigurations = (
				G00000000000000000000003 /* Debug */,
				G00000000000000000000004 /* Release */,
			);
			defaultConfigurationIsVisible = 0;
			defaultConfigurationName = Release;
		};
/* End XCConfigurationList section */
	};
	rootObject = E00000000000000000000002 /* Project object */;
}
